// !$*UTF8*$!
{
	archiveVersion = 1;
	classes = {
	};
	objectVersion = 77;
	objects = {

/* Begin PBXContainerItemProxy section */
		8A63681C2DF8A5B5006162C6 /* PBXContainerItemProxy */ = {
			isa = PBXContainerItemProxy;
			containerPortal = 8A6368062DF8A5B2006162C6 /* Project object */;
			proxyType = 1;
			remoteGlobalIDString = 8A63680D2DF8A5B2006162C6;
			remoteInfo = SikeMusic;
		};
		8A6368262DF8A5B5006162C6 /* PBXContainerItemProxy */ = {
			isa = PBXContainerItemProxy;
			containerPortal = 8A6368062DF8A5B2006162C6 /* Project object */;
			proxyType = 1;
			remoteGlobalIDString = 8A63680D2DF8A5B2006162C6;
			remoteInfo = SikeMusic;
		};
/* End PBXContainerItemProxy section */

/* Begin PBXFileReference section */
		8A63680E2DF8A5B2006162C6 /* SikeMusic.app */ = {isa = PBXFileReference; explicitFileType = wrapper.application; includeInIndex = 0; path = SikeMusic.app; sourceTree = BUILT_PRODUCTS_DIR; };
		8A63681B2DF8A5B5006162C6 /* SikeMusicTests.xctest */ = {isa = PBXFileReference; explicitFileType = wrapper.cfbundle; includeInIndex = 0; path = SikeMusicTests.xctest; sourceTree = BUILT_PRODUCTS_DIR; };
		8A6368252DF8A5B5006162C6 /* SikeMusicUITests.xctest */ = {isa = PBXFileReference; explicitFileType = wrapper.cfbundle; includeInIndex = 0; path = SikeMusicUITests.xctest; sourceTree = BUILT_PRODUCTS_DIR; };
/* End PBXFileReference section */

/* Begin PBXFileSystemSynchronizedBuildFileExceptionSet section */
		8A63683E2DF8AECB006162C6 /* Exceptions for "SikeMusic" folder in "SikeMusic" target */ = {
			isa = PBXFileSystemSynchronizedBuildFileExceptionSet;
			membershipExceptions = (
				Info.plist,
			);
			target = 8A63680D2DF8A5B2006162C6 /* SikeMusic */;
		};
/* End PBXFileSystemSynchronizedBuildFileExceptionSet section */

/* Begin PBXFileSystemSynchronizedRootGroup section */
		8A6368102DF8A5B2006162C6 /* SikeMusic */ = {
			isa = PBXFileSystemSynchronizedRootGroup;
			exceptions = (
				8A63683E2DF8AECB006162C6 /* Exceptions for "SikeMusic" folder in "SikeMusic" target */,
			);
			path = SikeMusic;
			sourceTree = "<group>";
		};
		8A63681E2DF8A5B5006162C6 /* SikeMusicTests */ = {
			isa = PBXFileSystemSynchronizedRootGroup;
			path = SikeMusicTests;
			sourceTree = "<group>";
		};
		8A6368282DF8A5B5006162C6 /* SikeMusicUITests */ = {
			isa = PBXFileSystemSynchronizedRootGroup;
			path = SikeMusicUITests;
			sourceTree = "<group>";
		};
/* End PBXFileSystemSynchronizedRootGroup section */

/* Begin PBXFrameworksBuildPhase section */
		8A63680B2DF8A5B2006162C6 /* Frameworks */ = {
			isa = PBXFrameworksBuildPhase;
			buildActionMask = 2147483647;
			files = (
			);
			runOnlyForDeploymentPostprocessing = 0;
		};
		8A6368182DF8A5B5006162C6 /* Frameworks */ = {
			isa = PBXFrameworksBuildPhase;
			buildActionMask = 2147483647;
			files = (
			);
			runOnlyForDeploymentPostprocessing = 0;
		};
		8A6368222DF8A5B5006162C6 /* Frameworks */ = {
			isa = PBXFrameworksBuildPhase;
			buildActionMask = 2147483647;
			files = (
			);
			runOnlyForDeploymentPostprocessing = 0;
		};
/* End PBXFrameworksBuildPhase section */

/* Begin PBXGroup section */
		8A6368052DF8A5B2006162C6 = {
			isa = PBXGroup;
			children = (
				8A6368102DF8A5B2006162C6 /* SikeMusic */,
				8A63681E2DF8A5B5006162C6 /* SikeMusicTests */,
				8A6368282DF8A5B5006162C6 /* SikeMusicUITests */,
				8A63680F2DF8A5B2006162C6 /* Products */,
			);
			sourceTree = "<group>";
		};
		8A63680F2DF8A5B2006162C6 /* Products */ = {
			isa = PBXGroup;
			children = (
				8A63680E2DF8A5B2006162C6 /* SikeMusic.app */,
				8A63681B2DF8A5B5006162C6 /* SikeMusicTests.xctest */,
				8A6368252DF8A5B5006162C6 /* SikeMusicUITests.xctest */,
			);
			name = Products;
			sourceTree = "<group>";
		};
/* End PBXGroup section */

/* Begin PBXNativeTarget section */
		8A63680D2DF8A5B2006162C6 /* SikeMusic */ = {
			isa = PBXNativeTarget;
			buildConfigurationList = 8A63682F2DF8A5B5006162C6 /* Build configuration list for PBXNativeTarget "SikeMusic" */;
			buildPhases = (
				8A63680A2DF8A5B2006162C6 /* Sources */,
				8A63680B2DF8A5B2006162C6 /* Frameworks */,
				8A63680C2DF8A5B2006162C6 /* Resources */,
			);
			buildRules = (
			);
			dependencies = (
			);
			fileSystemSynchronizedGroups = (
				8A6368102DF8A5B2006162C6 /* SikeMusic */,
			);
			name = SikeMusic;
			packageProductDependencies = (
			);
			productName = SikeMusic;
			productReference = 8A63680E2DF8A5B2006162C6 /* SikeMusic.app */;
			productType = "com.apple.product-type.application";
		};
		8A63681A2DF8A5B5006162C6 /* SikeMusicTests */ = {
			isa = PBXNativeTarget;
			buildConfigurationList = 8A6368322DF8A5B5006162C6 /* Build configuration list for PBXNativeTarget "SikeMusicTests" */;
			buildPhases = (
				8A6368172DF8A5B5006162C6 /* Sources */,
				8A6368182DF8A5B5006162C6 /* Frameworks */,
				8A6368192DF8A5B5006162C6 /* Resources */,
			);
			buildRules = (
			);
			dependencies = (
				8A63681D2DF8A5B5006162C6 /* PBXTargetDependency */,
			);
			fileSystemSynchronizedGroups = (
				8A63681E2DF8A5B5006162C6 /* SikeMusicTests */,
			);
			name = SikeMusicTests;
			packageProductDependencies = (
			);
			productName = SikeMusicTests;
			productReference = 8A63681B2DF8A5B5006162C6 /* SikeMusicTests.xctest */;
			productType = "com.apple.product-type.bundle.unit-test";
		};
		8A6368242DF8A5B5006162C6 /* SikeMusicUITests */ = {
			isa = PBXNativeTarget;
			buildConfigurationList = 8A6368352DF8A5B5006162C6 /* Build configuration list for PBXNativeTarget "SikeMusicUITests" */;
			buildPhases = (
				8A6368212DF8A5B5006162C6 /* Sources */,
				8A6368222DF8A5B5006162C6 /* Frameworks */,
				8A6368232DF8A5B5006162C6 /* Resources */,
			);
			buildRules = (
			);
			dependencies = (
				8A6368272DF8A5B5006162C6 /* PBXTargetDependency */,
			);
			fileSystemSynchronizedGroups = (
				8A6368282DF8A5B5006162C6 /* SikeMusicUITests */,
			);
			name = SikeMusicUITests;
			packageProductDependencies = (
			);
			productName = SikeMusicUITests;
			productReference = 8A6368252DF8A5B5006162C6 /* SikeMusicUITests.xctest */;
			productType = "com.apple.product-type.bundle.ui-testing";
		};
/* End PBXNativeTarget section */

/* Begin PBXProject section */
		8A6368062DF8A5B2006162C6 /* Project object */ = {
			isa = PBXProject;
			attributes = {
				BuildIndependentTargetsInParallel = 1;
				LastSwiftUpdateCheck = 1640;
				LastUpgradeCheck = 1640;
				TargetAttributes = {
					8A63680D2DF8A5B2006162C6 = {
						CreatedOnToolsVersion = 16.4;
					};
					8A63681A2DF8A5B5006162C6 = {
						CreatedOnToolsVersion = 16.4;
						TestTargetID = 8A63680D2DF8A5B2006162C6;
					};
					8A6368242DF8A5B5006162C6 = {
						CreatedOnToolsVersion = 16.4;
						TestTargetID = 8A63680D2DF8A5B2006162C6;
					};
				};
			};
			buildConfigurationList = 8A6368092DF8A5B2006162C6 /* Build configuration list for PBXProject "SikeMusic" */;
			developmentRegion = en;
			hasScannedForEncodings = 0;
			knownRegions = (
				en,
				Base,
			);
			mainGroup = 8A6368052DF8A5B2006162C6;
			minimizedProjectReferenceProxies = 1;
			preferredProjectObjectVersion = 77;
			productRefGroup = 8A63680F2DF8A5B2006162C6 /* Products */;
			projectDirPath = "";
			projectRoot = "";
			targets = (
				8A63680D2DF8A5B2006162C6 /* SikeMusic */,
				8A63681A2DF8A5B5006162C6 /* SikeMusicTests */,
				8A6368242DF8A5B5006162C6 /* SikeMusicUITests */,
			);
		};
/* End PBXProject section */

/* Begin PBXResourcesBuildPhase section */
		8A63680C2DF8A5B2006162C6 /* Resources */ = {
			isa = PBXResourcesBuildPhase;
			buildActionMask = 2147483647;
			files = (
			);
			runOnlyForDeploymentPostprocessing = 0;
		};
		8A6368192DF8A5B5006162C6 /* Resources */ = {
			isa = PBXResourcesBuildPhase;
			buildActionMask = 2147483647;
			files = (
			);
			runOnlyForDeploymentPostprocessing = 0;
		};
		8A6368232DF8A5B5006162C6 /* Resources */ = {
			isa = PBXResourcesBuildPhase;
			buildActionMask = 2147483647;
			files = (
			);
			runOnlyForDeploymentPostprocessing = 0;
		};
/* End PBXResourcesBuildPhase section */

/* Begin PBXSourcesBuildPhase section */
		8A63680A2DF8A5B2006162C6 /* Sources */ = {
			isa = PBXSourcesBuildPhase;
			buildActionMask = 2147483647;
			files = (
			);
			runOnlyForDeploymentPostprocessing = 0;
		};
		8A6368172DF8A5B5006162C6 /* Sources */ = {
			isa = PBXSourcesBuildPhase;
			buildActionMask = 2147483647;
			files = (
			);
			runOnlyForDeploymentPostprocessing = 0;
		};
		8A6368212DF8A5B5006162C6 /* Sources */ = {
			isa = PBXSourcesBuildPhase;
			buildActionMask = 2147483647;
			files = (
			);
			runOnlyForDeploymentPostprocessing = 0;
		};
/* End PBXSourcesBuildPhase section */

/* Begin PBXTargetDependency section */
		8A63681D2DF8A5B5006162C6 /* PBXTargetDependency */ = {
			isa = PBXTargetDependency;
			target = 8A63680D2DF8A5B2006162C6 /* SikeMusic */;
			targetProxy = 8A63681C2DF8A5B5006162C6 /* PBXContainerItemProxy */;
		};
		8A6368272DF8A5B5006162C6 /* PBXTargetDependency */ = {
			isa = PBXTargetDependency;
			target = 8A63680D2DF8A5B2006162C6 /* SikeMusic */;
			targetProxy = 8A6368262DF8A5B5006162C6 /* PBXContainerItemProxy */;
		};
/* End PBXTargetDependency section */

/* Begin XCBuildConfiguration section */
		8A63682D2DF8A5B5006162C6 /* Debug */ = {
			isa = XCBuildConfiguration;
			buildSettings = {
				ALWAYS_SEARCH_USER_PATHS = NO;
				ASSETCATALOG_COMPILER_GENERATE_SWIFT_ASSET_SYMBOL_EXTENSIONS = YES;
				CLANG_ANALYZER_NONNULL = YES;
				CLANG_ANALYZER_NUMBER_OBJECT_CONVERSION = YES_AGGRESSIVE;
				CLANG_CXX_LANGUAGE_STANDARD = "gnu++20";
				CLANG_ENABLE_MODULES = YES;
				CLANG_ENABLE_OBJC_ARC = YES;
				CLANG_ENABLE_OBJC_WEAK = YES;
				CLANG_WARN_BLOCK_CAPTURE_AUTORELEASING = YES;
				CLANG_WARN_BOOL_CONVERSION = YES;
				CLANG_WARN_COMMA = YES;
				CLANG_WARN_CONSTANT_CONVERSION = YES;
				CLANG_WARN_DEPRECATED_OBJC_IMPLEMENTATIONS = YES;
				CLANG_WARN_DIRECT_OBJC_ISA_USAGE = YES_ERROR;
				CLANG_WARN_DOCUMENTATION_COMMENTS = YES;
				CLANG_WARN_EMPTY_BODY = YES;
				CLANG_WARN_ENUM_CONVERSION = YES;
				CLANG_WARN_INFINITE_RECURSION = YES;
				CLANG_WARN_INT_CONVERSION = YES;
				CLANG_WARN_NON_LITERAL_NULL_CONVERSION = YES;
				CLANG_WARN_OBJC_IMPLICIT_RETAIN_SELF = YES;
				CLANG_WARN_OBJC_LITERAL_CONVERSION = YES;
				CLANG_WARN_OBJC_ROOT_CLASS = YES_ERROR;
				CLANG_WARN_QUOTED_INCLUDE_IN_FRAMEWORK_HEADER = YES;
				CLANG_WARN_RANGE_LOOP_ANALYSIS = YES;
				CLANG_WARN_STRICT_PROTOTYPES = YES;
				CLANG_WARN_SUSPICIOUS_MOVE = YES;
				CLANG_WARN_UNGUARDED_AVAILABILITY = YES_AGGRESSIVE;
				CLANG_WARN_UNREACHABLE_CODE = YES;
				CLANG_WARN__DUPLICATE_METHOD_MATCH = YES;
				COPY_PHASE_STRIP = NO;
				DEBUG_INFORMATION_FORMAT = dwarf;
				ENABLE_STRICT_OBJC_MSGSEND = YES;
				ENABLE_TESTABILITY = YES;
				ENABLE_USER_SCRIPT_SANDBOXING = YES;
				GCC_C_LANGUAGE_STANDARD = gnu17;
				GCC_DYNAMIC_NO_PIC = NO;
				GCC_NO_COMMON_BLOCKS = YES;
				GCC_OPTIMIZATION_LEVEL = 0;
				GCC_PREPROCESSOR_DEFINITIONS = (
					"DEBUG=1",
					"$(inherited)",
				);
				GCC_WARN_64_TO_32_BIT_CONVERSION = YES;
				GCC_WARN_ABOUT_RETURN_TYPE = YES_ERROR;
				GCC_WARN_UNDECLARED_SELECTOR = YES;
				GCC_WARN_UNINITIALIZED_AUTOS = YES_AGGRESSIVE;
				GCC_WARN_UNUSED_FUNCTION = YES;
				GCC_WARN_UNUSED_VARIABLE = YES;
				IPHONEOS_DEPLOYMENT_TARGET = 18.5;
				LOCALIZATION_PREFERS_STRING_CATALOGS = YES;
				MTL_ENABLE_DEBUG_INFO = INCLUDE_SOURCE;
				MTL_FAST_MATH = YES;
				ONLY_ACTIVE_ARCH = YES;
				SDKROOT = iphoneos;
				SWIFT_ACTIVE_COMPILATION_CONDITIONS = "DEBUG $(inherited)";
				SWIFT_OPTIMIZATION_LEVEL = "-Onone";
			};
			name = Debug;
		};
		8A63682E2DF8A5B5006162C6 /* Release */ = {
			isa = XCBuildConfiguration;
			buildSettings = {
				ALWAYS_SEARCH_USER_PATHS = NO;
				ASSETCATALOG_COMPILER_GENERATE_SWIFT_ASSET_SYMBOL_EXTENSIONS = YES;
				CLANG_ANALYZER_NONNULL = YES;
				CLANG_ANALYZER_NUMBER_OBJECT_CONVERSION = YES_AGGRESSIVE;
				CLANG_CXX_LANGUAGE_STANDARD = "gnu++20";
				CLANG_ENABLE_MODULES = YES;
				CLANG_ENABLE_OBJC_ARC = YES;
				CLANG_ENABLE_OBJC_WEAK = YES;
				CLANG_WARN_BLOCK_CAPTURE_AUTORELEASING = YES;
				CLANG_WARN_BOOL_CONVERSION = YES;
				CLANG_WARN_COMMA = YES;
				CLANG_WARN_CONSTANT_CONVERSION = YES;
				CLANG_WARN_DEPRECATED_OBJC_IMPLEMENTATIONS = YES;
				CLANG_WARN_DIRECT_OBJC_ISA_USAGE = YES_ERROR;
				CLANG_WARN_DOCUMENTATION_COMMENTS = YES;
				CLANG_WARN_EMPTY_BODY = YES;
				CLANG_WARN_ENUM_CONVERSION = YES;
				CLANG_WARN_INFINITE_RECURSION = YES;
				CLANG_WARN_INT_CONVERSION = YES;
				CLANG_WARN_NON_LITERAL_NULL_CONVERSION = YES;
				CLANG_WARN_OBJC_IMPLICIT_RETAIN_SELF = YES;
				CLANG_WARN_OBJC_LITERAL_CONVERSION = YES;
				CLANG_WARN_OBJC_ROOT_CLASS = YES_ERROR;
				CLANG_WARN_QUOTED_INCLUDE_IN_FRAMEWORK_HEADER = YES;
				CLANG_WARN_RANGE_LOOP_ANALYSIS = YES;
				CLANG_WARN_STRICT_PROTOTYPES = YES;
				CLANG_WARN_SUSPICIOUS_MOVE = YES;
				CLANG_WARN_UNGUARDED_AVAILABILITY = YES_AGGRESSIVE;
				CLANG_WARN_UNREACHABLE_CODE = YES;
				CLANG_WARN__DUPLICATE_METHOD_MATCH = YES;
				COPY_PHASE_STRIP = NO;
				DEBUG_INFORMATION_FORMAT = "dwarf-with-dsym";
				ENABLE_NS_ASSERTIONS = NO;
				ENABLE_STRICT_OBJC_MSGSEND = YES;
				ENABLE_USER_SCRIPT_SANDBOXING = YES;
				GCC_C_LANGUAGE_STANDARD = gnu17;
				GCC_NO_COMMON_BLOCKS = YES;
				GCC_WARN_64_TO_32_BIT_CONVERSION = YES;
				GCC_WARN_ABOUT_RETURN_TYPE = YES_ERROR;
				GCC_WARN_UNDECLARED_SELECTOR = YES;
				GCC_WARN_UNINITIALIZED_AUTOS = YES_AGGRESSIVE;
				GCC_WARN_UNUSED_FUNCTION = YES;
				GCC_WARN_UNUSED_VARIABLE = YES;
				IPHONEOS_DEPLOYMENT_TARGET = 18.5;
				LOCALIZATION_PREFERS_STRING_CATALOGS = YES;
				MTL_ENABLE_DEBUG_INFO = NO;
				MTL_FAST_MATH = YES;
				SDKROOT = iphoneos;
				SWIFT_COMPILATION_MODE = wholemodule;
				VALIDATE_PRODUCT = YES;
			};
			name = Release;
		};
		8A6368302DF8A5B5006162C6 /* Debug */ = {
			isa = XCBuildConfiguration;
			buildSettings = {
				ASSETCATALOG_COMPILER_APPICON_NAME = AppIcon;
				ASSETCATALOG_COMPILER_GLOBAL_ACCENT_COLOR_NAME = AccentColor;
				CODE_SIGN_STYLE = Automatic;
				CURRENT_PROJECT_VERSION = 1;
				DEVELOPMENT_TEAM = 8C34GHRFND;
				ENABLE_PREVIEWS = YES;
				GENERATE_INFOPLIST_FILE = YES;
				INFOPLIST_FILE = SikeMusic/Info.plist;
				INFOPLIST_KEY_LSSupportsOpeningDocumentsInPlace = YES;
				INFOPLIST_KEY_NSAppleMusicUsageDescription = "SikeMusic needs access to play your music files for personal listening.";
				INFOPLIST_KEY_NSMicrophoneUsageDescription = "SikeMusic may need microphone access for audio session management.";
				INFOPLIST_KEY_UIApplicationSupportsIndirectInputEvents = YES;
				INFOPLIST_KEY_UIRequiredDeviceCapabilities = armv7;
				INFOPLIST_KEY_UIRequiresFullScreen = NO;
				INFOPLIST_KEY_UIStatusBarHidden = NO;
				INFOPLIST_KEY_UIStatusBarStyle = UIStatusBarStyleLightContent;
				INFOPLIST_KEY_UISupportedInterfaceOrientations = "UIInterfaceOrientationPortrait UIInterfaceOrientationLandscapeLeft UIInterfaceOrientationLandscapeRight";
				INFOPLIST_KEY_UISupportedInterfaceOrientations_iPad = "UIInterfaceOrientationPortrait UIInterfaceOrientationPortraitUpsideDown UIInterfaceOrientationLandscapeLeft UIInterfaceOrientationLandscapeRight";
				INFOPLIST_KEY_UISupportedInterfaceOrientations_iPhone = "UIInterfaceOrientationPortrait UIInterfaceOrientationLandscapeLeft UIInterfaceOrientationLandscapeRight";
				IPHONEOS_DEPLOYMENT_TARGET = 18.0;
				LD_RUNPATH_SEARCH_PATHS = (
					"$(inherited)",
					"@executable_path/Frameworks",
				);
				MARKETING_VERSION = 1.0;
				PRODUCT_BUNDLE_IDENTIFIER = chandrakirannarala.SikeMusic;
				PRODUCT_NAME = "$(TARGET_NAME)";
				SWIFT_EMIT_LOC_STRINGS = YES;
				SWIFT_VERSION = 5.0;
				TARGETED_DEVICE_FAMILY = 1;
			};
			name = Debug;
		};
		8A6368312DF8A5B5006162C6 /* Release */ = {
			isa = XCBuildConfiguration;
			buildSettings = {
				ASSETCATALOG_COMPILER_APPICON_NAME = AppIcon;
				ASSETCATALOG_COMPILER_GLOBAL_ACCENT_COLOR_NAME = AccentColor;
				CODE_SIGN_STYLE = Automatic;
				CURRENT_PROJECT_VERSION = 1;
				DEVELOPMENT_TEAM = 8C34GHRFND;
				ENABLE_PREVIEWS = YES;
				GENERATE_INFOPLIST_FILE = YES;
				INFOPLIST_FILE = SikeMusic/Info.plist;
				INFOPLIST_KEY_LSSupportsOpeningDocumentsInPlace = YES;
				INFOPLIST_KEY_NSAppleMusicUsageDescription = "SikeMusic needs access to play your music files for personal listening.";
				INFOPLIST_KEY_NSMicrophoneUsageDescription = "SikeMusic may need microphone access for audio session management.";
				INFOPLIST_KEY_UIApplicationSupportsIndirectInputEvents = YES;
				INFOPLIST_KEY_UIRequiredDeviceCapabilities = armv7;
				INFOPLIST_KEY_UIRequiresFullScreen = NO;
				INFOPLIST_KEY_UIStatusBarHidden = NO;
				INFOPLIST_KEY_UIStatusBarStyle = UIStatusBarStyleLightContent;
				INFOPLIST_KEY_UISupportedInterfaceOrientations = "UIInterfaceOrientationPortrait UIInterfaceOrientationLandscapeLeft UIInterfaceOrientationLandscapeRight";
				INFOPLIST_KEY_UISupportedInterfaceOrientations_iPad = "UIInterfaceOrientationPortrait UIInterfaceOrientationPortraitUpsideDown UIInterfaceOrientationLandscapeLeft UIInterfaceOrientationLandscapeRight";
				INFOPLIST_KEY_UISupportedInterfaceOrientations_iPhone = "UIInterfaceOrientationPortrait UIInterfaceOrientationLandscapeLeft UIInterfaceOrientationLandscapeRight";
				IPHONEOS_DEPLOYMENT_TARGET = 18.0;
				LD_RUNPATH_SEARCH_PATHS = (
					"$(inherited)",
					"@executable_path/Frameworks",
				);
				MARKETING_VERSION = 1.0;
				PRODUCT_BUNDLE_IDENTIFIER = chandrakirannarala.SikeMusic;
				PRODUCT_NAME = "$(TARGET_NAME)";
				SWIFT_EMIT_LOC_STRINGS = YES;
				SWIFT_VERSION = 5.0;
				TARGETED_DEVICE_FAMILY = 1;
			};
			name = Release;
		};
		8A6368332DF8A5B5006162C6 /* Debug */ = {
			isa = XCBuildConfiguration;
			buildSettings = {
				BUNDLE_LOADER = "$(TEST_HOST)";
				CODE_SIGN_STYLE = Automatic;
				CURRENT_PROJECT_VERSION = 1;
				GENERATE_INFOPLIST_FILE = YES;
				IPHONEOS_DEPLOYMENT_TARGET = 18.5;
				MARKETING_VERSION = 1.0;
				PRODUCT_BUNDLE_IDENTIFIER = personal.SikeMusicTests;
				PRODUCT_NAME = "$(TARGET_NAME)";
				SWIFT_EMIT_LOC_STRINGS = NO;
				SWIFT_VERSION = 5.0;
				TARGETED_DEVICE_FAMILY = "1,2";
				TEST_HOST = "$(BUILT_PRODUCTS_DIR)/SikeMusic.app/$(BUNDLE_EXECUTABLE_FOLDER_PATH)/SikeMusic";
			};
			name = Debug;
		};
		8A6368342DF8A5B5006162C6 /* Release */ = {
			isa = XCBuildConfiguration;
			buildSettings = {
				BUNDLE_LOADER = "$(TEST_HOST)";
				CODE_SIGN_STYLE = Automatic;
				CURRENT_PROJECT_VERSION = 1;
				GENERATE_INFOPLIST_FILE = YES;
				IPHONEOS_DEPLOYMENT_TARGET = 18.5;
				MARKETING_VERSION = 1.0;
				PRODUCT_BUNDLE_IDENTIFIER = personal.SikeMusicTests;
				PRODUCT_NAME = "$(TARGET_NAME)";
				SWIFT_EMIT_LOC_STRINGS = NO;
				SWIFT_VERSION = 5.0;
				TARGETED_DEVICE_FAMILY = "1,2";
				TEST_HOST = "$(BUILT_PRODUCTS_DIR)/SikeMusic.app/$(BUNDLE_EXECUTABLE_FOLDER_PATH)/SikeMusic";
			};
			name = Release;
		};
		8A6368362DF8A5B5006162C6 /* Debug */ = {
			isa = XCBuildConfiguration;
			buildSettings = {
				CODE_SIGN_STYLE = Automatic;
				CURRENT_PROJECT_VERSION = 1;
				GENERATE_INFOPLIST_FILE = YES;
				MARKETING_VERSION = 1.0;
				PRODUCT_BUNDLE_IDENTIFIER = personal.SikeMusicUITests;
				PRODUCT_NAME = "$(TARGET_NAME)";
				SWIFT_EMIT_LOC_STRINGS = NO;
				SWIFT_VERSION = 5.0;
				TARGETED_DEVICE_FAMILY = "1,2";
				TEST_TARGET_NAME = SikeMusic;
			};
			name = Debug;
		};
		8A6368372DF8A5B5006162C6 /* Release */ = {
			isa = XCBuildConfiguration;
			buildSettings = {
				CODE_SIGN_STYLE = Automatic;
				CURRENT_PROJECT_VERSION = 1;
				GENERATE_INFOPLIST_FILE = YES;
				MARKETING_VERSION = 1.0;
				PRODUCT_BUNDLE_IDENTIFIER = personal.SikeMusicUITests;
				PRODUCT_NAME = "$(TARGET_NAME)";
				SWIFT_EMIT_LOC_STRINGS = NO;
				SWIFT_VERSION = 5.0;
				TARGETED_DEVICE_FAMILY = "1,2";
				TEST_TARGET_NAME = SikeMusic;
			};
			name = Release;
		};
/* End XCBuildConfiguration section */

/* Begin XCConfigurationList section */
		8A6368092DF8A5B2006162C6 /* Build configuration list for PBXProject "SikeMusic" */ = {
			isa = XCConfigurationList;
			buildConfigurations = (
				8A63682D2DF8A5B5006162C6 /* Debug */,
				8A63682E2DF8A5B5006162C6 /* Release */,
			);
			defaultConfigurationIsVisible = 0;
			defaultConfigurationName = Release;
		};
		8A63682F2DF8A5B5006162C6 /* Build configuration list for PBXNativeTarget "SikeMusic" */ = {
			isa = XCConfigurationList;
			buildConfigurations = (
				8A6368302DF8A5B5006162C6 /* Debug */,
				8A6368312DF8A5B5006162C6 /* Release */,
			);
			defaultConfigurationIsVisible = 0;
			defaultConfigurationName = Release;
		};
		8A6368322DF8A5B5006162C6 /* Build configuration list for PBXNativeTarget "SikeMusicTests" */ = {
			isa = XCConfigurationList;
			buildConfigurations = (
				8A6368332DF8A5B5006162C6 /* Debug */,
				8A6368342DF8A5B5006162C6 /* Release */,
			);
			defaultConfigurationIsVisible = 0;
			defaultConfigurationName = Release;
		};
		8A6368352DF8A5B5006162C6 /* Build configuration list for PBXNativeTarget "SikeMusicUITests" */ = {
			isa = XCConfigurationList;
			buildConfigurations = (
				8A6368362DF8A5B5006162C6 /* Debug */,
				8A6368372DF8A5B5006162C6 /* Release */,
			);
			defaultConfigurationIsVisible = 0;
			defaultConfigurationName = Release;
		};
/* End XCConfigurationList section */
	};
	rootObject = 8A6368062DF8A5B2006162C6 /* Project object */;
}
